// !$*UTF8*$!
{
	archiveVersion = 1;
	classes = {
	};
	objectVersion = 46;
	objects = {

/* Begin PBXBuildFile section */
		570FADC81C4E7F7800C97F22 /* OWInterface.swift in Sources */ = {isa = PBXBuildFile; fileRef = 570FADC71C4E7F7800C97F22 /* OWInterface.swift */; };
		570FADCA1C4E806000C97F22 /* CurrentWeatherLoader.swift in Sources */ = {isa = PBXBuildFile; fileRef = 570FADC91C4E806000C97F22 /* CurrentWeatherLoader.swift */; };
		570FADCC1C4E85BA00C97F22 /* NSNotificationCenterKeys.swift in Sources */ = {isa = PBXBuildFile; fileRef = 570FADCB1C4E85BA00C97F22 /* NSNotificationCenterKeys.swift */; };
		570FADCE1C4E913300C97F22 /* FiveDayWeatherLoader.swift in Sources */ = {isa = PBXBuildFile; fileRef = 570FADCD1C4E913300C97F22 /* FiveDayWeatherLoader.swift */; };
		570FADD01C4E929A00C97F22 /* FiveDayWeatherData.swift in Sources */ = {isa = PBXBuildFile; fileRef = 570FADCF1C4E929A00C97F22 /* FiveDayWeatherData.swift */; };
		570FADD81C4EC08200C97F22 /* BackgroundView.swift in Sources */ = {isa = PBXBuildFile; fileRef = 570FADD71C4EC08200C97F22 /* BackgroundView.swift */; };
		570FADDC1C4ED65E00C97F22 /* WeeklyTableViewController.swift in Sources */ = {isa = PBXBuildFile; fileRef = 570FADDB1C4ED65E00C97F22 /* WeeklyTableViewController.swift */; };
		570FADDE1C4EDD6800C97F22 /* DailyWeatherTableViewCell.swift in Sources */ = {isa = PBXBuildFile; fileRef = 570FADDD1C4EDD6800C97F22 /* DailyWeatherTableViewCell.swift */; };
		570FADE01C4EFC0B00C97F22 /* TemperatureConversion.swift in Sources */ = {isa = PBXBuildFile; fileRef = 570FADDF1C4EFC0B00C97F22 /* TemperatureConversion.swift */; };
		57336A0F1C47119B007C879A /* AppDelegate.swift in Sources */ = {isa = PBXBuildFile; fileRef = 57336A0E1C47119B007C879A /* AppDelegate.swift */; };
		57336A111C47119B007C879A /* ViewController.swift in Sources */ = {isa = PBXBuildFile; fileRef = 57336A101C47119B007C879A /* ViewController.swift */; };
		57336A141C47119B007C879A /* Main.storyboard in Resources */ = {isa = PBXBuildFile; fileRef = 57336A121C47119B007C879A /* Main.storyboard */; };
		57336A161C47119B007C879A /* Assets.xcassets in Resources */ = {isa = PBXBuildFile; fileRef = 57336A151C47119B007C879A /* Assets.xcassets */; };
		57336A191C47119B007C879A /* LaunchScreen.storyboard in Resources */ = {isa = PBXBuildFile; fileRef = 57336A171C47119B007C879A /* LaunchScreen.storyboard */; };
		57336A241C47119B007C879A /* EntropyTests.swift in Sources */ = {isa = PBXBuildFile; fileRef = 57336A231C47119B007C879A /* EntropyTests.swift */; };
		57336A2F1C47119B007C879A /* EntropyUITests.swift in Sources */ = {isa = PBXBuildFile; fileRef = 57336A2E1C47119B007C879A /* EntropyUITests.swift */; };
		57CE453F1C47171C00F98E44 /* GPSLocation.swift in Sources */ = {isa = PBXBuildFile; fileRef = 57CE453E1C47171C00F98E44 /* GPSLocation.swift */; };
		57CE45411C47190C00F98E44 /* CoreLocation.framework in Frameworks */ = {isa = PBXBuildFile; fileRef = 57CE45401C47190C00F98E44 /* CoreLocation.framework */; };
		57CE45451C4719B000F98E44 /* Notes.swift in Sources */ = {isa = PBXBuildFile; fileRef = 57CE45441C4719B000F98E44 /* Notes.swift */; };
		57CE45471C4863FE00F98E44 /* CurrentWeatherData.swift in Sources */ = {isa = PBXBuildFile; fileRef = 57CE45461C4863FE00F98E44 /* CurrentWeatherData.swift */; };
		57CE45491C48687000F98E44 /* NetworkRequest.swift in Sources */ = {isa = PBXBuildFile; fileRef = 57CE45481C48687000F98E44 /* NetworkRequest.swift */; };
/* End PBXBuildFile section */

/* Begin PBXContainerItemProxy section */
		57336A201C47119B007C879A /* PBXContainerItemProxy */ = {
			isa = PBXContainerItemProxy;
			containerPortal = 57336A031C47119B007C879A /* Project object */;
			proxyType = 1;
			remoteGlobalIDString = 57336A0A1C47119B007C879A;
			remoteInfo = Entropy;
		};
		57336A2B1C47119B007C879A /* PBXContainerItemProxy */ = {
			isa = PBXContainerItemProxy;
			containerPortal = 57336A031C47119B007C879A /* Project object */;
			proxyType = 1;
			remoteGlobalIDString = 57336A0A1C47119B007C879A;
			remoteInfo = Entropy;
		};
/* End PBXContainerItemProxy section */

/* Begin PBXFileReference section */
		570FADC71C4E7F7800C97F22 /* OWInterface.swift */ = {isa = PBXFileReference; fileEncoding = 4; lastKnownFileType = sourcecode.swift; path = OWInterface.swift; sourceTree = "<group>"; };
		570FADC91C4E806000C97F22 /* CurrentWeatherLoader.swift */ = {isa = PBXFileReference; fileEncoding = 4; lastKnownFileType = sourcecode.swift; path = CurrentWeatherLoader.swift; sourceTree = "<group>"; };
		570FADCB1C4E85BA00C97F22 /* NSNotificationCenterKeys.swift */ = {isa = PBXFileReference; fileEncoding = 4; lastKnownFileType = sourcecode.swift; path = NSNotificationCenterKeys.swift; sourceTree = "<group>"; };
		570FADCD1C4E913300C97F22 /* FiveDayWeatherLoader.swift */ = {isa = PBXFileReference; fileEncoding = 4; lastKnownFileType = sourcecode.swift; path = FiveDayWeatherLoader.swift; sourceTree = "<group>"; };
		570FADCF1C4E929A00C97F22 /* FiveDayWeatherData.swift */ = {isa = PBXFileReference; fileEncoding = 4; lastKnownFileType = sourcecode.swift; path = FiveDayWeatherData.swift; sourceTree = "<group>"; };
		570FADD71C4EC08200C97F22 /* BackgroundView.swift */ = {isa = PBXFileReference; fileEncoding = 4; lastKnownFileType = sourcecode.swift; path = BackgroundView.swift; sourceTree = "<group>"; };
		570FADDB1C4ED65E00C97F22 /* WeeklyTableViewController.swift */ = {isa = PBXFileReference; fileEncoding = 4; lastKnownFileType = sourcecode.swift; path = WeeklyTableViewController.swift; sourceTree = "<group>"; };
		570FADDD1C4EDD6800C97F22 /* DailyWeatherTableViewCell.swift */ = {isa = PBXFileReference; fileEncoding = 4; lastKnownFileType = sourcecode.swift; path = DailyWeatherTableViewCell.swift; sourceTree = "<group>"; };
		570FADDF1C4EFC0B00C97F22 /* TemperatureConversion.swift */ = {isa = PBXFileReference; fileEncoding = 4; lastKnownFileType = sourcecode.swift; path = TemperatureConversion.swift; sourceTree = "<group>"; };
		57336A0B1C47119B007C879A /* Entropy.app */ = {isa = PBXFileReference; explicitFileType = wrapper.application; includeInIndex = 0; path = Entropy.app; sourceTree = BUILT_PRODUCTS_DIR; };
		57336A0E1C47119B007C879A /* AppDelegate.swift */ = {isa = PBXFileReference; lastKnownFileType = sourcecode.swift; path = AppDelegate.swift; sourceTree = "<group>"; };
		57336A101C47119B007C879A /* ViewController.swift */ = {isa = PBXFileReference; lastKnownFileType = sourcecode.swift; path = ViewController.swift; sourceTree = "<group>"; };
		57336A131C47119B007C879A /* Base */ = {isa = PBXFileReference; lastKnownFileType = file.storyboard; name = Base; path = Base.lproj/Main.storyboard; sourceTree = "<group>"; };
		57336A151C47119B007C879A /* Assets.xcassets */ = {isa = PBXFileReference; lastKnownFileType = folder.assetcatalog; path = Assets.xcassets; sourceTree = "<group>"; };
		57336A181C47119B007C879A /* Base */ = {isa = PBXFileReference; lastKnownFileType = file.storyboard; name = Base; path = Base.lproj/LaunchScreen.storyboard; sourceTree = "<group>"; };
		57336A1A1C47119B007C879A /* Info.plist */ = {isa = PBXFileReference; lastKnownFileType = text.plist.xml; path = Info.plist; sourceTree = "<group>"; };
		57336A1F1C47119B007C879A /* EntropyTests.xctest */ = {isa = PBXFileReference; explicitFileType = wrapper.cfbundle; includeInIndex = 0; path = EntropyTests.xctest; sourceTree = BUILT_PRODUCTS_DIR; };
		57336A231C47119B007C879A /* EntropyTests.swift */ = {isa = PBXFileReference; lastKnownFileType = sourcecode.swift; path = EntropyTests.swift; sourceTree = "<group>"; };
		57336A251C47119B007C879A /* Info.plist */ = {isa = PBXFileReference; lastKnownFileType = text.plist.xml; path = Info.plist; sourceTree = "<group>"; };
		57336A2A1C47119B007C879A /* EntropyUITests.xctest */ = {isa = PBXFileReference; explicitFileType = wrapper.cfbundle; includeInIndex = 0; path = EntropyUITests.xctest; sourceTree = BUILT_PRODUCTS_DIR; };
		57336A2E1C47119B007C879A /* EntropyUITests.swift */ = {isa = PBXFileReference; lastKnownFileType = sourcecode.swift; path = EntropyUITests.swift; sourceTree = "<group>"; };
		57336A301C47119B007C879A /* Info.plist */ = {isa = PBXFileReference; lastKnownFileType = text.plist.xml; path = Info.plist; sourceTree = "<group>"; };
		57CE453E1C47171C00F98E44 /* GPSLocation.swift */ = {isa = PBXFileReference; fileEncoding = 4; lastKnownFileType = sourcecode.swift; path = GPSLocation.swift; sourceTree = "<group>"; };
		57CE45401C47190C00F98E44 /* CoreLocation.framework */ = {isa = PBXFileReference; lastKnownFileType = wrapper.framework; name = CoreLocation.framework; path = System/Library/Frameworks/CoreLocation.framework; sourceTree = SDKROOT; };
		57CE45441C4719B000F98E44 /* Notes.swift */ = {isa = PBXFileReference; fileEncoding = 4; lastKnownFileType = sourcecode.swift; path = Notes.swift; sourceTree = "<group>"; };
		57CE45461C4863FE00F98E44 /* CurrentWeatherData.swift */ = {isa = PBXFileReference; fileEncoding = 4; lastKnownFileType = sourcecode.swift; path = CurrentWeatherData.swift; sourceTree = "<group>"; };
		57CE45481C48687000F98E44 /* NetworkRequest.swift */ = {isa = PBXFileReference; fileEncoding = 4; lastKnownFileType = sourcecode.swift; path = NetworkRequest.swift; sourceTree = "<group>"; };
/* End PBXFileReference section */

/* Begin PBXFrameworksBuildPhase section */
		57336A081C47119B007C879A /* Frameworks */ = {
			isa = PBXFrameworksBuildPhase;
			buildActionMask = 2147483647;
			files = (
				57CE45411C47190C00F98E44 /* CoreLocation.framework in Frameworks */,
			);
			runOnlyForDeploymentPostprocessing = 0;
		};
		57336A1C1C47119B007C879A /* Frameworks */ = {
			isa = PBXFrameworksBuildPhase;
			buildActionMask = 2147483647;
			files = (
			);
			runOnlyForDeploymentPostprocessing = 0;
		};
		57336A271C47119B007C879A /* Frameworks */ = {
			isa = PBXFrameworksBuildPhase;
			buildActionMask = 2147483647;
			files = (
			);
			runOnlyForDeploymentPostprocessing = 0;
		};
/* End PBXFrameworksBuildPhase section */

/* Begin PBXGroup section */
		570FADD11C4EBEA400C97F22 /* Models */ = {
			isa = PBXGroup;
			children = (
				570FADCD1C4E913300C97F22 /* FiveDayWeatherLoader.swift */,
				570FADCF1C4E929A00C97F22 /* FiveDayWeatherData.swift */,
				570FADDF1C4EFC0B00C97F22 /* TemperatureConversion.swift */,
				570FADC91C4E806000C97F22 /* CurrentWeatherLoader.swift */,
				57CE45461C4863FE00F98E44 /* CurrentWeatherData.swift */,
				570FADC71C4E7F7800C97F22 /* OWInterface.swift */,
				57CE453E1C47171C00F98E44 /* GPSLocation.swift */,
				57CE45481C48687000F98E44 /* NetworkRequest.swift */,
				570FADCB1C4E85BA00C97F22 /* NSNotificationCenterKeys.swift */,
			);
			name = Models;
			sourceTree = "<group>";
		};
		570FADD21C4EBEB600C97F22 /* Views */ = {
			isa = PBXGroup;
			children = (
				570FADD71C4EC08200C97F22 /* BackgroundView.swift */,
				57336A121C47119B007C879A /* Main.storyboard */,
				57336A171C47119B007C879A /* LaunchScreen.storyboard */,
			);
			name = Views;
			sourceTree = "<group>";
		};
		570FADD31C4EBEBE00C97F22 /* Controllers */ = {
			isa = PBXGroup;
			children = (
				57336A101C47119B007C879A /* ViewController.swift */,
				570FADDB1C4ED65E00C97F22 /* WeeklyTableViewController.swift */,
				570FADDD1C4EDD6800C97F22 /* DailyWeatherTableViewCell.swift */,
			);
			name = Controllers;
			sourceTree = "<group>";
		};
		570FADD41C4EBEF900C97F22 /* Supporting Files */ = {
			isa = PBXGroup;
			children = (
				57336A0E1C47119B007C879A /* AppDelegate.swift */,
				57336A151C47119B007C879A /* Assets.xcassets */,
				57336A1A1C47119B007C879A /* Info.plist */,
			);
			name = "Supporting Files";
			sourceTree = "<group>";
		};
		57336A021C47119B007C879A = {
			isa = PBXGroup;
			children = (
				57CE45441C4719B000F98E44 /* Notes.swift */,
				57CE45401C47190C00F98E44 /* CoreLocation.framework */,
				57336A0D1C47119B007C879A /* Entropy */,
				57336A221C47119B007C879A /* EntropyTests */,
				57336A2D1C47119B007C879A /* EntropyUITests */,
				57336A0C1C47119B007C879A /* Products */,
			);
			sourceTree = "<group>";
		};
		57336A0C1C47119B007C879A /* Products */ = {
			isa = PBXGroup;
			children = (
				57336A0B1C47119B007C879A /* Entropy.app */,
				57336A1F1C47119B007C879A /* EntropyTests.xctest */,
				57336A2A1C47119B007C879A /* EntropyUITests.xctest */,
			);
			name = Products;
			sourceTree = "<group>";
		};
		57336A0D1C47119B007C879A /* Entropy */ = {
			isa = PBXGroup;
			children = (
				570FADD31C4EBEBE00C97F22 /* Controllers */,
				570FADD21C4EBEB600C97F22 /* Views */,
				570FADD11C4EBEA400C97F22 /* Models */,
				570FADD41C4EBEF900C97F22 /* Supporting Files */,
			);
			path = Entropy;
			sourceTree = "<group>";
		};
		57336A221C47119B007C879A /* EntropyTests */ = {
			isa = PBXGroup;
			children = (
				57336A231C47119B007C879A /* EntropyTests.swift */,
				57336A251C47119B007C879A /* Info.plist */,
			);
			path = EntropyTests;
			sourceTree = "<group>";
		};
		57336A2D1C47119B007C879A /* EntropyUITests */ = {
			isa = PBXGroup;
			children = (
				57336A2E1C47119B007C879A /* EntropyUITests.swift */,
				57336A301C47119B007C879A /* Info.plist */,
			);
			path = EntropyUITests;
			sourceTree = "<group>";
		};
/* End PBXGroup section */

/* Begin PBXNativeTarget section */
		57336A0A1C47119B007C879A /* Entropy */ = {
			isa = PBXNativeTarget;
			buildConfigurationList = 57336A331C47119B007C879A /* Build configuration list for PBXNativeTarget "Entropy" */;
			buildPhases = (
				57336A071C47119B007C879A /* Sources */,
				57336A081C47119B007C879A /* Frameworks */,
				57336A091C47119B007C879A /* Resources */,
			);
			buildRules = (
			);
			dependencies = (
			);
			name = Entropy;
			productName = Entropy;
			productReference = 57336A0B1C47119B007C879A /* Entropy.app */;
			productType = "com.apple.product-type.application";
		};
		57336A1E1C47119B007C879A /* EntropyTests */ = {
			isa = PBXNativeTarget;
			buildConfigurationList = 57336A361C47119B007C879A /* Build configuration list for PBXNativeTarget "EntropyTests" */;
			buildPhases = (
				57336A1B1C47119B007C879A /* Sources */,
				57336A1C1C47119B007C879A /* Frameworks */,
				57336A1D1C47119B007C879A /* Resources */,
			);
			buildRules = (
			);
			dependencies = (
				57336A211C47119B007C879A /* PBXTargetDependency */,
			);
			name = EntropyTests;
			productName = EntropyTests;
			productReference = 57336A1F1C47119B007C879A /* EntropyTests.xctest */;
			productType = "com.apple.product-type.bundle.unit-test";
		};
		57336A291C47119B007C879A /* EntropyUITests */ = {
			isa = PBXNativeTarget;
			buildConfigurationList = 57336A391C47119B007C879A /* Build configuration list for PBXNativeTarget "EntropyUITests" */;
			buildPhases = (
				57336A261C47119B007C879A /* Sources */,
				57336A271C47119B007C879A /* Frameworks */,
				57336A281C47119B007C879A /* Resources */,
			);
			buildRules = (
			);
			dependencies = (
				57336A2C1C47119B007C879A /* PBXTargetDependency */,
			);
			name = EntropyUITests;
			productName = EntropyUITests;
			productReference = 57336A2A1C47119B007C879A /* EntropyUITests.xctest */;
			productType = "com.apple.product-type.bundle.ui-testing";
		};
/* End PBXNativeTarget section */

/* Begin PBXProject section */
		57336A031C47119B007C879A /* Project object */ = {
			isa = PBXProject;
			attributes = {
				LastSwiftUpdateCheck = 0720;
				LastUpgradeCheck = 0720;
				ORGANIZATIONNAME = "Matthew Chess";
				TargetAttributes = {
					57336A0A1C47119B007C879A = {
						CreatedOnToolsVersion = 7.2;
						DevelopmentTeam = WT24N59ZSA;
					};
					57336A1E1C47119B007C879A = {
						CreatedOnToolsVersion = 7.2;
						DevelopmentTeam = WT24N59ZSA;
						TestTargetID = 57336A0A1C47119B007C879A;
					};
					57336A291C47119B007C879A = {
						CreatedOnToolsVersion = 7.2;
						DevelopmentTeam = WT24N59ZSA;
						TestTargetID = 57336A0A1C47119B007C879A;
					};
				};
			};
			buildConfigurationList = 57336A061C47119B007C879A /* Build configuration list for PBXProject "Entropy" */;
			compatibilityVersion = "Xcode 3.2";
			developmentRegion = English;
			hasScannedForEncodings = 0;
			knownRegions = (
				en,
				Base,
			);
			mainGroup = 57336A021C47119B007C879A;
			productRefGroup = 57336A0C1C47119B007C879A /* Products */;
			projectDirPath = "";
			projectRoot = "";
			targets = (
				57336A0A1C47119B007C879A /* Entropy */,
				57336A1E1C47119B007C879A /* EntropyTests */,
				57336A291C47119B007C879A /* EntropyUITests */,
			);
		};
/* End PBXProject section */

/* Begin PBXResourcesBuildPhase section */
		57336A091C47119B007C879A /* Resources */ = {
			isa = PBXResourcesBuildPhase;
			buildActionMask = 2147483647;
			files = (
				57336A191C47119B007C879A /* LaunchScreen.storyboard in Resources */,
				57336A161C47119B007C879A /* Assets.xcassets in Resources */,
				57336A141C47119B007C879A /* Main.storyboard in Resources */,
			);
			runOnlyForDeploymentPostprocessing = 0;
		};
		57336A1D1C47119B007C879A /* Resources */ = {
			isa = PBXResourcesBuildPhase;
			buildActionMask = 2147483647;
			files = (
			);
			runOnlyForDeploymentPostprocessing = 0;
		};
		57336A281C47119B007C879A /* Resources */ = {
			isa = PBXResourcesBuildPhase;
			buildActionMask = 2147483647;
			files = (
			);
			runOnlyForDeploymentPostprocessing = 0;
		};
/* End PBXResourcesBuildPhase section */

/* Begin PBXSourcesBuildPhase section */
		57336A071C47119B007C879A /* Sources */ = {
			isa = PBXSourcesBuildPhase;
			buildActionMask = 2147483647;
			files = (
				570FADE01C4EFC0B00C97F22 /* TemperatureConversion.swift in Sources */,
				570FADCE1C4E913300C97F22 /* FiveDayWeatherLoader.swift in Sources */,
				57CE453F1C47171C00F98E44 /* GPSLocation.swift in Sources */,
				570FADD81C4EC08200C97F22 /* BackgroundView.swift in Sources */,
				57CE45471C4863FE00F98E44 /* CurrentWeatherData.swift in Sources */,
				570FADD01C4E929A00C97F22 /* FiveDayWeatherData.swift in Sources */,
				57336A111C47119B007C879A /* ViewController.swift in Sources */,
				570FADC81C4E7F7800C97F22 /* OWInterface.swift in Sources */,
				570FADCC1C4E85BA00C97F22 /* NSNotificationCenterKeys.swift in Sources */,
				57336A0F1C47119B007C879A /* AppDelegate.swift in Sources */,
				570FADDC1C4ED65E00C97F22 /* WeeklyTableViewController.swift in Sources */,
				57CE45491C48687000F98E44 /* NetworkRequest.swift in Sources */,
				57CE45451C4719B000F98E44 /* Notes.swift in Sources */,
				570FADDE1C4EDD6800C97F22 /* DailyWeatherTableViewCell.swift in Sources */,
				570FADCA1C4E806000C97F22 /* CurrentWeatherLoader.swift in Sources */,
			);
			runOnlyForDeploymentPostprocessing = 0;
		};
		57336A1B1C47119B007C879A /* Sources */ = {
			isa = PBXSourcesBuildPhase;
			buildActionMask = 2147483647;
			files = (
				57336A241C47119B007C879A /* EntropyTests.swift in Sources */,
			);
			runOnlyForDeploymentPostprocessing = 0;
		};
		57336A261C47119B007C879A /* Sources */ = {
			isa = PBXSourcesBuildPhase;
			buildActionMask = 2147483647;
			files = (
				57336A2F1C47119B007C879A /* EntropyUITests.swift in Sources */,
			);
			runOnlyForDeploymentPostprocessing = 0;
		};
/* End PBXSourcesBuildPhase section */

/* Begin PBXTargetDependency section */
		57336A211C47119B007C879A /* PBXTargetDependency */ = {
			isa = PBXTargetDependency;
			target = 57336A0A1C47119B007C879A /* Entropy */;
			targetProxy = 57336A201C47119B007C879A /* PBXContainerItemProxy */;
		};
		57336A2C1C47119B007C879A /* PBXTargetDependency */ = {
			isa = PBXTargetDependency;
			target = 57336A0A1C47119B007C879A /* Entropy */;
			targetProxy = 57336A2B1C47119B007C879A /* PBXContainerItemProxy */;
		};
/* End PBXTargetDependency section */

/* Begin PBXVariantGroup section */
		57336A121C47119B007C879A /* Main.storyboard */ = {
			isa = PBXVariantGroup;
			children = (
				57336A131C47119B007C879A /* Base */,
			);
			name = Main.storyboard;
			sourceTree = "<group>";
		};
		57336A171C47119B007C879A /* LaunchScreen.storyboard */ = {
			isa = PBXVariantGroup;
			children = (
				57336A181C47119B007C879A /* Base */,
			);
			name = LaunchScreen.storyboard;
			sourceTree = "<group>";
		};
/* End PBXVariantGroup section */

/* Begin XCBuildConfiguration section */
		57336A311C47119B007C879A /* Debug */ = {
			isa = XCBuildConfiguration;
			buildSettings = {
				ALWAYS_SEARCH_USER_PATHS = NO;
				CLANG_CXX_LANGUAGE_STANDARD = "gnu++0x";
				CLANG_CXX_LIBRARY = "libc++";
				CLANG_ENABLE_MODULES = YES;
				CLANG_ENABLE_OBJC_ARC = YES;
				CLANG_WARN_BOOL_CONVERSION = YES;
				CLANG_WARN_CONSTANT_CONVERSION = YES;
				CLANG_WARN_DIRECT_OBJC_ISA_USAGE = YES_ERROR;
				CLANG_WARN_EMPTY_BODY = YES;
				CLANG_WARN_ENUM_CONVERSION = YES;
				CLANG_WARN_INT_CONVERSION = YES;
				CLANG_WARN_OBJC_ROOT_CLASS = YES_ERROR;
				CLANG_WARN_UNREACHABLE_CODE = YES;
				CLANG_WARN__DUPLICATE_METHOD_MATCH = YES;
				"CODE_SIGN_IDENTITY[sdk=iphoneos*]" = "iPhone Developer";
				COPY_PHASE_STRIP = NO;
				DEBUG_INFORMATION_FORMAT = dwarf;
				ENABLE_STRICT_OBJC_MSGSEND = YES;
				ENABLE_TESTABILITY = YES;
				GCC_C_LANGUAGE_STANDARD = gnu99;
				GCC_DYNAMIC_NO_PIC = NO;
				GCC_NO_COMMON_BLOCKS = YES;
				GCC_OPTIMIZATION_LEVEL = 0;
				GCC_PREPROCESSOR_DEFINITIONS = (
					"DEBUG=1",
					"$(inherited)",
				);
				GCC_WARN_64_TO_32_BIT_CONVERSION = YES;
				GCC_WARN_ABOUT_RETURN_TYPE = YES_ERROR;
				GCC_WARN_UNDECLARED_SELECTOR = YES;
				GCC_WARN_UNINITIALIZED_AUTOS = YES_AGGRESSIVE;
				GCC_WARN_UNUSED_FUNCTION = YES;
				GCC_WARN_UNUSED_VARIABLE = YES;
				IPHONEOS_DEPLOYMENT_TARGET = 9.2;
				MTL_ENABLE_DEBUG_INFO = YES;
				ONLY_ACTIVE_ARCH = YES;
				SDKROOT = iphoneos;
				SWIFT_OPTIMIZATION_LEVEL = "-Onone";
				TARGETED_DEVICE_FAMILY = "1,2";
			};
			name = Debug;
		};
		57336A321C47119B007C879A /* Release */ = {
			isa = XCBuildConfiguration;
			buildSettings = {
				ALWAYS_SEARCH_USER_PATHS = NO;
				CLANG_CXX_LANGUAGE_STANDARD = "gnu++0x";
				CLANG_CXX_LIBRARY = "libc++";
				CLANG_ENABLE_MODULES = YES;
				CLANG_ENABLE_OBJC_ARC = YES;
				CLANG_WARN_BOOL_CONVERSION = YES;
				CLANG_WARN_CONSTANT_CONVERSION = YES;
				CLANG_WARN_DIRECT_OBJC_ISA_USAGE = YES_ERROR;
				CLANG_WARN_EMPTY_BODY = YES;
				CLANG_WARN_ENUM_CONVERSION = YES;
				CLANG_WARN_INT_CONVERSION = YES;
				CLANG_WARN_OBJC_ROOT_CLASS = YES_ERROR;
				CLANG_WARN_UNREACHABLE_CODE = YES;
				CLANG_WARN__DUPLICATE_METHOD_MATCH = YES;
				"CODE_SIGN_IDENTITY[sdk=iphoneos*]" = "iPhone Developer";
				COPY_PHASE_STRIP = NO;
				DEBUG_INFORMATION_FORMAT = "dwarf-with-dsym";
				ENABLE_NS_ASSERTIONS = NO;
				ENABLE_STRICT_OBJC_MSGSEND = YES;
				GCC_C_LANGUAGE_STANDARD = gnu99;
				GCC_NO_COMMON_BLOCKS = YES;
				GCC_WARN_64_TO_32_BIT_CONVERSION = YES;
				GCC_WARN_ABOUT_RETURN_TYPE = YES_ERROR;
				GCC_WARN_UNDECLARED_SELECTOR = YES;
				GCC_WARN_UNINITIALIZED_AUTOS = YES_AGGRESSIVE;
				GCC_WARN_UNUSED_FUNCTION = YES;
				GCC_WARN_UNUSED_VARIABLE = YES;
				IPHONEOS_DEPLOYMENT_TARGET = 9.2;
				MTL_ENABLE_DEBUG_INFO = NO;
				SDKROOT = iphoneos;
				TARGETED_DEVICE_FAMILY = "1,2";
				VALIDATE_PRODUCT = YES;
			};
			name = Release;
		};
		57336A341C47119B007C879A /* Debug */ = {
			isa = XCBuildConfiguration;
			buildSettings = {
				ASSETCATALOG_COMPILER_APPICON_NAME = AppIcon;
				CODE_SIGN_IDENTITY = "iPhone Developer";
				INFOPLIST_FILE = Entropy/Info.plist;
				LD_RUNPATH_SEARCH_PATHS = "$(inherited) @executable_path/Frameworks";
				PRODUCT_BUNDLE_IDENTIFIER = com.mattchess.Entropy;
				PRODUCT_NAME = "$(TARGET_NAME)";
			};
			name = Debug;
		};
		57336A351C47119B007C879A /* Release */ = {
			isa = XCBuildConfiguration;
			buildSettings = {
				ASSETCATALOG_COMPILER_APPICON_NAME = AppIcon;
				CODE_SIGN_IDENTITY = "iPhone Developer";
				INFOPLIST_FILE = Entropy/Info.plist;
				LD_RUNPATH_SEARCH_PATHS = "$(inherited) @executable_path/Frameworks";
				PRODUCT_BUNDLE_IDENTIFIER = com.mattchess.Entropy;
				PRODUCT_NAME = "$(TARGET_NAME)";
			};
			name = Release;
		};
		57336A371C47119B007C879A /* Debug */ = {
			isa = XCBuildConfiguration;
			buildSettings = {
				BUNDLE_LOADER = "$(TEST_HOST)";
				INFOPLIST_FILE = EntropyTests/Info.plist;
				LD_RUNPATH_SEARCH_PATHS = "$(inherited) @executable_path/Frameworks @loader_path/Frameworks";
				PRODUCT_BUNDLE_IDENTIFIER = com.mattchess.EntropyTests;
				PRODUCT_NAME = "$(TARGET_NAME)";
				TEST_HOST = "$(BUILT_PRODUCTS_DIR)/Entropy.app/Entropy";
			};
			name = Debug;
		};
		57336A381C47119B007C879A /* Release */ = {
			isa = XCBuildConfiguration;
			buildSettings = {
				BUNDLE_LOADER = "$(TEST_HOST)";
				INFOPLIST_FILE = EntropyTests/Info.plist;
				LD_RUNPATH_SEARCH_PATHS = "$(inherited) @executable_path/Frameworks @loader_path/Frameworks";
				PRODUCT_BUNDLE_IDENTIFIER = com.mattchess.EntropyTests;
				PRODUCT_NAME = "$(TARGET_NAME)";
				TEST_HOST = "$(BUILT_PRODUCTS_DIR)/Entropy.app/Entropy";
			};
			name = Release;
		};
		57336A3A1C47119B007C879A /* Debug */ = {
			isa = XCBuildConfiguration;
			buildSettings = {
				INFOPLIST_FILE = EntropyUITests/Info.plist;
				LD_RUNPATH_SEARCH_PATHS = "$(inherited) @executable_path/Frameworks @loader_path/Frameworks";
				PRODUCT_BUNDLE_IDENTIFIER = com.mattchess.EntropyUITests;
				PRODUCT_NAME = "$(TARGET_NAME)";
				TEST_TARGET_NAME = Entropy;
				USES_XCTRUNNER = YES;
			};
			name = Debug;
		};
		57336A3B1C47119B007C879A /* Release */ = {
			isa = XCBuildConfiguration;
			buildSettings = {
				INFOPLIST_FILE = EntropyUITests/Info.plist;
				LD_RUNPATH_SEARCH_PATHS = "$(inherited) @executable_path/Frameworks @loader_path/Frameworks";
				PRODUCT_BUNDLE_IDENTIFIER = com.mattchess.EntropyUITests;
				PRODUCT_NAME = "$(TARGET_NAME)";
				TEST_TARGET_NAME = Entropy;
				USES_XCTRUNNER = YES;
			};
			name = Release;
		};
/* End XCBuildConfiguration section */

/* Begin XCConfigurationList section */
		57336A061C47119B007C879A /* Build configuration list for PBXProject "Entropy" */ = {
			isa = XCConfigurationList;
			buildConfigurations = (
				57336A311C47119B007C879A /* Debug */,
				57336A321C47119B007C879A /* Release */,
			);
			defaultConfigurationIsVisible = 0;
			defaultConfigurationName = Release;
		};
		57336A331C47119B007C879A /* Build configuration list for PBXNativeTarget "Entropy" */ = {
			isa = XCConfigurationList;
			buildConfigurations = (
				57336A341C47119B007C879A /* Debug */,
				57336A351C47119B007C879A /* Release */,
			);
			defaultConfigurationIsVisible = 0;
			defaultConfigurationName = Release;
		};
		57336A361C47119B007C879A /* Build configuration list for PBXNativeTarget "EntropyTests" */ = {
			isa = XCConfigurationList;
			buildConfigurations = (
				57336A371C47119B007C879A /* Debug */,
				57336A381C47119B007C879A /* Release */,
			);
			defaultConfigurationIsVisible = 0;
			defaultConfigurationName = Release;
		};
		57336A391C47119B007C879A /* Build configuration list for PBXNativeTarget "EntropyUITests" */ = {
			isa = XCConfigurationList;
			buildConfigurations = (
				57336A3A1C47119B007C879A /* Debug */,
				57336A3B1C47119B007C879A /* Release */,
			);
			defaultConfigurationIsVisible = 0;
			defaultConfigurationName = Release;
		};
/* End XCConfigurationList section */
	};
	rootObject = 57336A031C47119B007C879A /* Project object */;
}
